
Microsoft Visual Studio Solution File, Format Version 12.00
# Visual Studio Version 17
VisualStudioVersion = 17.5.33424.131
MinimumVisualStudioVersion = 10.0.40219.1
Project("{8BC9CEB8-8B4A-11D0-8D11-00A0C91BC942}") = "Client", "Client\Client.vcxproj", "{76A0033B-6432-4E9D-A004-C6ADA40DDD72}"
EndProject
Global
	GlobalSection(SolutionConfigurationPlatforms) = preSolution
		Debug|x64 = Debug|x64
		Debug|x86 = Debug|x86
		Release|x64 = Release|x64
		Release|x86 = Release|x86
	EndGlobalSection
	GlobalSection(ProjectConfigurationPlatforms) = postSolution
		{76A0033B-6432-4E9D-A004-C6ADA40DDD72}.Debug|x64.ActiveCfg = Debug|x64
		{76A0033B-6432-4E9D-A004-C6ADA40DDD72}.Debug|x64.Build.0 = Debug|x64
		{76A0033B-6432-4E9D-A004-C6ADA40DDD72}.Debug|x86.ActiveCfg = Debug|Win32
		{76A0033B-6432-4E9D-A004-C6ADA40DDD72}.Debug|x86.Build.0 = Debug|Win32
		{76A0033B-6432-4E9D-A004-C6ADA40DDD72}.Release|x64.ActiveCfg = Release|x64
		{76A0033B-6432-4E9D-A004-C6ADA40DDD72}.Release|x64.Build.0 = Release|x64
		{76A0033B-6432-4E9D-A004-C6ADA40DDD72}.Release|x86.ActiveCfg = Release|Win32
		{76A0033B-6432-4E9D-A004-C6ADA40DDD72}.Release|x86.Build.0 = Release|Win32
	EndGlobalSection
	GlobalSection(SolutionProperties) = preSolution
		HideSolutionNode = FALSE
	EndGlobalSection
	GlobalSection(ExtensibilityGlobals) = postSolution
		SolutionGuid = {11B96377-7188-4B89-A7B4-5D10F56DAB6A}
	EndGlobalSection
EndGlobal
